
Microsoft Visual Studio Solution File, Format Version 12.00
# Visual Studio Version 17
VisualStudioVersion = 17.3.32922.545
MinimumVisualStudioVersion = 10.0.40219.1
Project("{FAE04EC0-301F-11D3-BF4B-00C04F79EFBC}") = "RiskPrediction", "RiskPrediction.csproj", "{3E475622-AB94-4145-AB07-CBCDAE1D3ACC}"
EndProject
Project("{9A19103F-16F7-4668-BE54-9A1E7A4F7556}") = "RiskClasificationWebAPI", "..\RiskClasificationWebAPI\RiskClasificationWebAPI.csproj", "{6DA989E2-F8F4-4BE8-A181-1C70999E9B3A}"
EndProject
Global
	GlobalSection(SolutionConfigurationPlatforms) = preSolution
		Debug|Any CPU = Debug|Any CPU
		Release|Any CPU = Release|Any CPU
	EndGlobalSection
	GlobalSection(ProjectConfigurationPlatforms) = postSolution
		{3E475622-AB94-4145-AB07-CBCDAE1D3ACC}.Debug|Any CPU.ActiveCfg = Debug|Any CPU
		{3E475622-AB94-4145-AB07-CBCDAE1D3ACC}.Debug|Any CPU.Build.0 = Debug|Any CPU
		{3E475622-AB94-4145-AB07-CBCDAE1D3ACC}.Release|Any CPU.ActiveCfg = Release|Any CPU
		{3E475622-AB94-4145-AB07-CBCDAE1D3ACC}.Release|Any CPU.Build.0 = Release|Any CPU
		{6DA989E2-F8F4-4BE8-A181-1C70999E9B3A}.Debug|Any CPU.ActiveCfg = Debug|Any CPU
		{6DA989E2-F8F4-4BE8-A181-1C70999E9B3A}.Debug|Any CPU.Build.0 = Debug|Any CPU
		{6DA989E2-F8F4-4BE8-A181-1C70999E9B3A}.Release|Any CPU.ActiveCfg = Release|Any CPU
		{6DA989E2-F8F4-4BE8-A181-1C70999E9B3A}.Release|Any CPU.Build.0 = Release|Any CPU
	EndGlobalSection
	GlobalSection(SolutionProperties) = preSolution
		HideSolutionNode = FALSE
	EndGlobalSection
	GlobalSection(ExtensibilityGlobals) = postSolution
		SolutionGuid = {809A9CBC-70F4-4A4B-9E7E-9695680D7D02}
	EndGlobalSection
EndGlobal
